
Microsoft Visual Studio Solution File, Format Version 12.00
# Visual Studio 15
VisualStudioVersion = 15.0.27703.2047
MinimumVisualStudioVersion = 10.0.40219.1
Project("{FAE04EC0-301F-11D3-BF4B-00C04F79EFBC}") = "Lymer.Web.App", "src\Lymer.Web.App\Lymer.Web.App.csproj", "{654154AB-954C-4D57-B902-E116015E14E4}"
EndProject
Project("{2150E333-8FDC-42A3-9474-1A3956D46DE8}") = "src", "src", "{7FB3B225-F1BE-4C0F-A7ED-2AEA8E0C46A1}"
EndProject
Project("{2150E333-8FDC-42A3-9474-1A3956D46DE8}") = "tests", "tests", "{FD99E7CA-E7C0-4CBD-AA3B-2A1B2824E52A}"
EndProject
Project("{FAE04EC0-301F-11D3-BF4B-00C04F79EFBC}") = "Lymer.ContentManagement.Abstractions", "src\Lymer.ContentManagement.Abstractions\Lymer.ContentManagement.Abstractions.csproj", "{094D436D-5CFE-47F0-B30A-3DE4F1FC681A}"
EndProject
Project("{FAE04EC0-301F-11D3-BF4B-00C04F79EFBC}") = "Lymer.ContentManagement.Markdown.Tests", "tests\Lymer.ContentManagement.Markdown.Tests\Lymer.ContentManagement.Markdown.Tests.csproj", "{F11BC205-75C2-40DC-B68F-550B46C3324F}"
EndProject
Project("{FAE04EC0-301F-11D3-BF4B-00C04F79EFBC}") = "Lymer.ContentManagement.Markdown", "src\Lymer.ContentManagement.Markdown\Lymer.ContentManagement.Markdown.csproj", "{BBE4393B-9526-45EC-8417-2E8298A7634C}"
EndProject
Project("{FAE04EC0-301F-11D3-BF4B-00C04F79EFBC}") = "Lymer.Domain", "src\Lymer.Domain\Lymer.Domain.csproj", "{30D8D813-2A71-4EBF-9E51-306387FE74E7}"
EndProject
Project("{FAE04EC0-301F-11D3-BF4B-00C04F79EFBC}") = "Lymer.Domain.Tests", "tests\Lymer.Domain.Tests\Lymer.Domain.Tests.csproj", "{CD9CD1C8-8233-4B28-AE92-60070A482E8C}"
EndProject
Global
	GlobalSection(SolutionConfigurationPlatforms) = preSolution
		Debug|Any CPU = Debug|Any CPU
		Release|Any CPU = Release|Any CPU
	EndGlobalSection
	GlobalSection(ProjectConfigurationPlatforms) = postSolution
		{654154AB-954C-4D57-B902-E116015E14E4}.Debug|Any CPU.ActiveCfg = Debug|Any CPU
		{654154AB-954C-4D57-B902-E116015E14E4}.Debug|Any CPU.Build.0 = Debug|Any CPU
		{654154AB-954C-4D57-B902-E116015E14E4}.Release|Any CPU.ActiveCfg = Release|Any CPU
		{654154AB-954C-4D57-B902-E116015E14E4}.Release|Any CPU.Build.0 = Release|Any CPU
		{094D436D-5CFE-47F0-B30A-3DE4F1FC681A}.Debug|Any CPU.ActiveCfg = Debug|Any CPU
		{094D436D-5CFE-47F0-B30A-3DE4F1FC681A}.Debug|Any CPU.Build.0 = Debug|Any CPU
		{094D436D-5CFE-47F0-B30A-3DE4F1FC681A}.Release|Any CPU.ActiveCfg = Release|Any CPU
		{094D436D-5CFE-47F0-B30A-3DE4F1FC681A}.Release|Any CPU.Build.0 = Release|Any CPU
		{F11BC205-75C2-40DC-B68F-550B46C3324F}.Debug|Any CPU.ActiveCfg = Debug|Any CPU
		{F11BC205-75C2-40DC-B68F-550B46C3324F}.Debug|Any CPU.Build.0 = Debug|Any CPU
		{F11BC205-75C2-40DC-B68F-550B46C3324F}.Release|Any CPU.ActiveCfg = Release|Any CPU
		{F11BC205-75C2-40DC-B68F-550B46C3324F}.Release|Any CPU.Build.0 = Release|Any CPU
		{BBE4393B-9526-45EC-8417-2E8298A7634C}.Debug|Any CPU.ActiveCfg = Debug|Any CPU
		{BBE4393B-9526-45EC-8417-2E8298A7634C}.Debug|Any CPU.Build.0 = Debug|Any CPU
		{BBE4393B-9526-45EC-8417-2E8298A7634C}.Release|Any CPU.ActiveCfg = Release|Any CPU
		{BBE4393B-9526-45EC-8417-2E8298A7634C}.Release|Any CPU.Build.0 = Release|Any CPU
		{30D8D813-2A71-4EBF-9E51-306387FE74E7}.Debug|Any CPU.ActiveCfg = Debug|Any CPU
		{30D8D813-2A71-4EBF-9E51-306387FE74E7}.Debug|Any CPU.Build.0 = Debug|Any CPU
		{30D8D813-2A71-4EBF-9E51-306387FE74E7}.Release|Any CPU.ActiveCfg = Release|Any CPU
		{30D8D813-2A71-4EBF-9E51-306387FE74E7}.Release|Any CPU.Build.0 = Release|Any CPU
		{CD9CD1C8-8233-4B28-AE92-60070A482E8C}.Debug|Any CPU.ActiveCfg = Debug|Any CPU
		{CD9CD1C8-8233-4B28-AE92-60070A482E8C}.Debug|Any CPU.Build.0 = Debug|Any CPU
		{CD9CD1C8-8233-4B28-AE92-60070A482E8C}.Release|Any CPU.ActiveCfg = Release|Any CPU
		{CD9CD1C8-8233-4B28-AE92-60070A482E8C}.Release|Any CPU.Build.0 = Release|Any CPU
	EndGlobalSection
	GlobalSection(SolutionProperties) = preSolution
		HideSolutionNode = FALSE
	EndGlobalSection
	GlobalSection(NestedProjects) = preSolution
		{654154AB-954C-4D57-B902-E116015E14E4} = {7FB3B225-F1BE-4C0F-A7ED-2AEA8E0C46A1}
		{094D436D-5CFE-47F0-B30A-3DE4F1FC681A} = {7FB3B225-F1BE-4C0F-A7ED-2AEA8E0C46A1}
		{F11BC205-75C2-40DC-B68F-550B46C3324F} = {FD99E7CA-E7C0-4CBD-AA3B-2A1B2824E52A}
		{BBE4393B-9526-45EC-8417-2E8298A7634C} = {7FB3B225-F1BE-4C0F-A7ED-2AEA8E0C46A1}
		{30D8D813-2A71-4EBF-9E51-306387FE74E7} = {7FB3B225-F1BE-4C0F-A7ED-2AEA8E0C46A1}
		{CD9CD1C8-8233-4B28-AE92-60070A482E8C} = {FD99E7CA-E7C0-4CBD-AA3B-2A1B2824E52A}
	EndGlobalSection
	GlobalSection(ExtensibilityGlobals) = postSolution
		SolutionGuid = {B2D3C8B1-CA16-4594-917E-831479D4DC19}
	EndGlobalSection
EndGlobal
